
Microsoft Visual Studio Solution File, Format Version 12.00
# Visual Studio 2013
VisualStudioVersion = 12.0.21005.1
MinimumVisualStudioVersion = 10.0.40219.1
Project("{FAE04EC0-301F-11D3-BF4B-00C04F79EFBC}") = "Day01", "Day01\Day01.csproj", "{7759B98E-EF2C-48C9-8DF7-AC732EBC18C3}"
EndProject
Project("{FAE04EC0-301F-11D3-BF4B-00C04F79EFBC}") = "Day02", "Day02\Day02.csproj", "{A842526D-17BD-40EA-8334-7C6307215A50}"
EndProject
Project("{FAE04EC0-301F-11D3-BF4B-00C04F79EFBC}") = "Day03", "Day03\Day03.csproj", "{F1C2E052-3A34-43FB-A2ED-CDF8C4EA6DCA}"
EndProject
Project("{FAE04EC0-301F-11D3-BF4B-00C04F79EFBC}") = "Day04", "Day04\Day04.csproj", "{325CAB09-EFA8-44D0-BAE8-CA9D165D9AC2}"
EndProject
Project("{FAE04EC0-301F-11D3-BF4B-00C04F79EFBC}") = "Day05", "Day05\Day05.csproj", "{BF9457C8-C841-41D1-852E-B2B10536A434}"
EndProject
Project("{FAE04EC0-301F-11D3-BF4B-00C04F79EFBC}") = "Day06", "Day06\Day06.csproj", "{76F53B94-A426-42E9-BCD4-75270294C7D6}"
EndProject
Project("{FAE04EC0-301F-11D3-BF4B-00C04F79EFBC}") = "Day07", "Day07\Day07.csproj", "{C7DD4D73-556F-4393-9CB8-605D2872D9EE}"
EndProject
Project("{FAE04EC0-301F-11D3-BF4B-00C04F79EFBC}") = "Day08", "Day08\Day08.csproj", "{2BC424D6-3865-4AD4-8A98-BED2CD16A170}"
EndProject
Project("{FAE04EC0-301F-11D3-BF4B-00C04F79EFBC}") = "Day09", "Day09\Day09.csproj", "{187DE399-5016-4B6A-9D01-881D7FABD9F2}"
EndProject
Project("{FAE04EC0-301F-11D3-BF4B-00C04F79EFBC}") = "Day10", "Day10\Day10.csproj", "{5667F290-8D7C-4F9F-A0F9-42DC8214F693}"
EndProject
Project("{FAE04EC0-301F-11D3-BF4B-00C04F79EFBC}") = "Day11", "Day11\Day11.csproj", "{3BFBE547-A06A-41B9-B956-ECCFBDC49279}"
EndProject
Project("{FAE04EC0-301F-11D3-BF4B-00C04F79EFBC}") = "Day12", "Day12\Day12.csproj", "{3E53A14D-5ABF-46C8-89E4-CF344A731A0D}"
EndProject
Project("{FAE04EC0-301F-11D3-BF4B-00C04F79EFBC}") = "Day13", "Day13\Day13.csproj", "{5C0183DA-8B66-428F-B69A-289D9C93CB54}"
EndProject
Global
	GlobalSection(SolutionConfigurationPlatforms) = preSolution
		Debug|Any CPU = Debug|Any CPU
		Release|Any CPU = Release|Any CPU
	EndGlobalSection
	GlobalSection(ProjectConfigurationPlatforms) = postSolution
		{7759B98E-EF2C-48C9-8DF7-AC732EBC18C3}.Debug|Any CPU.ActiveCfg = Debug|Any CPU
		{7759B98E-EF2C-48C9-8DF7-AC732EBC18C3}.Debug|Any CPU.Build.0 = Debug|Any CPU
		{7759B98E-EF2C-48C9-8DF7-AC732EBC18C3}.Release|Any CPU.ActiveCfg = Release|Any CPU
		{7759B98E-EF2C-48C9-8DF7-AC732EBC18C3}.Release|Any CPU.Build.0 = Release|Any CPU
		{A842526D-17BD-40EA-8334-7C6307215A50}.Debug|Any CPU.ActiveCfg = Debug|Any CPU
		{A842526D-17BD-40EA-8334-7C6307215A50}.Debug|Any CPU.Build.0 = Debug|Any CPU
		{A842526D-17BD-40EA-8334-7C6307215A50}.Release|Any CPU.ActiveCfg = Release|Any CPU
		{A842526D-17BD-40EA-8334-7C6307215A50}.Release|Any CPU.Build.0 = Release|Any CPU
		{F1C2E052-3A34-43FB-A2ED-CDF8C4EA6DCA}.Debug|Any CPU.ActiveCfg = Debug|Any CPU
		{F1C2E052-3A34-43FB-A2ED-CDF8C4EA6DCA}.Debug|Any CPU.Build.0 = Debug|Any CPU
		{F1C2E052-3A34-43FB-A2ED-CDF8C4EA6DCA}.Release|Any CPU.ActiveCfg = Release|Any CPU
		{F1C2E052-3A34-43FB-A2ED-CDF8C4EA6DCA}.Release|Any CPU.Build.0 = Release|Any CPU
		{325CAB09-EFA8-44D0-BAE8-CA9D165D9AC2}.Debug|Any CPU.ActiveCfg = Debug|Any CPU
		{325CAB09-EFA8-44D0-BAE8-CA9D165D9AC2}.Debug|Any CPU.Build.0 = Debug|Any CPU
		{325CAB09-EFA8-44D0-BAE8-CA9D165D9AC2}.Release|Any CPU.ActiveCfg = Release|Any CPU
		{325CAB09-EFA8-44D0-BAE8-CA9D165D9AC2}.Release|Any CPU.Build.0 = Release|Any CPU
		{BF9457C8-C841-41D1-852E-B2B10536A434}.Debug|Any CPU.ActiveCfg = Debug|Any CPU
		{BF9457C8-C841-41D1-852E-B2B10536A434}.Debug|Any CPU.Build.0 = Debug|Any CPU
		{BF9457C8-C841-41D1-852E-B2B10536A434}.Release|Any CPU.ActiveCfg = Release|Any CPU
		{BF9457C8-C841-41D1-852E-B2B10536A434}.Release|Any CPU.Build.0 = Release|Any CPU
		{76F53B94-A426-42E9-BCD4-75270294C7D6}.Debug|Any CPU.ActiveCfg = Debug|Any CPU
		{76F53B94-A426-42E9-BCD4-75270294C7D6}.Debug|Any CPU.Build.0 = Debug|Any CPU
		{76F53B94-A426-42E9-BCD4-75270294C7D6}.Release|Any CPU.ActiveCfg = Release|Any CPU
		{76F53B94-A426-42E9-BCD4-75270294C7D6}.Release|Any CPU.Build.0 = Release|Any CPU
		{C7DD4D73-556F-4393-9CB8-605D2872D9EE}.Debug|Any CPU.ActiveCfg = Debug|Any CPU
		{C7DD4D73-556F-4393-9CB8-605D2872D9EE}.Debug|Any CPU.Build.0 = Debug|Any CPU
		{C7DD4D73-556F-4393-9CB8-605D2872D9EE}.Release|Any CPU.ActiveCfg = Release|Any CPU
		{C7DD4D73-556F-4393-9CB8-605D2872D9EE}.Release|Any CPU.Build.0 = Release|Any CPU
		{2BC424D6-3865-4AD4-8A98-BED2CD16A170}.Debug|Any CPU.ActiveCfg = Debug|Any CPU
		{2BC424D6-3865-4AD4-8A98-BED2CD16A170}.Debug|Any CPU.Build.0 = Debug|Any CPU
		{2BC424D6-3865-4AD4-8A98-BED2CD16A170}.Release|Any CPU.ActiveCfg = Release|Any CPU
		{2BC424D6-3865-4AD4-8A98-BED2CD16A170}.Release|Any CPU.Build.0 = Release|Any CPU
		{187DE399-5016-4B6A-9D01-881D7FABD9F2}.Debug|Any CPU.ActiveCfg = Debug|Any CPU
		{187DE399-5016-4B6A-9D01-881D7FABD9F2}.Debug|Any CPU.Build.0 = Debug|Any CPU
		{187DE399-5016-4B6A-9D01-881D7FABD9F2}.Release|Any CPU.ActiveCfg = Release|Any CPU
		{187DE399-5016-4B6A-9D01-881D7FABD9F2}.Release|Any CPU.Build.0 = Release|Any CPU
		{5667F290-8D7C-4F9F-A0F9-42DC8214F693}.Debug|Any CPU.ActiveCfg = Debug|Any CPU
		{5667F290-8D7C-4F9F-A0F9-42DC8214F693}.Debug|Any CPU.Build.0 = Debug|Any CPU
		{5667F290-8D7C-4F9F-A0F9-42DC8214F693}.Release|Any CPU.ActiveCfg = Release|Any CPU
		{5667F290-8D7C-4F9F-A0F9-42DC8214F693}.Release|Any CPU.Build.0 = Release|Any CPU
		{3BFBE547-A06A-41B9-B956-ECCFBDC49279}.Debug|Any CPU.ActiveCfg = Debug|Any CPU
		{3BFBE547-A06A-41B9-B956-ECCFBDC49279}.Debug|Any CPU.Build.0 = Debug|Any CPU
		{3BFBE547-A06A-41B9-B956-ECCFBDC49279}.Release|Any CPU.ActiveCfg = Release|Any CPU
		{3BFBE547-A06A-41B9-B956-ECCFBDC49279}.Release|Any CPU.Build.0 = Release|Any CPU
		{3E53A14D-5ABF-46C8-89E4-CF344A731A0D}.Debug|Any CPU.ActiveCfg = Debug|Any CPU
		{3E53A14D-5ABF-46C8-89E4-CF344A731A0D}.Debug|Any CPU.Build.0 = Debug|Any CPU
		{3E53A14D-5ABF-46C8-89E4-CF344A731A0D}.Release|Any CPU.ActiveCfg = Release|Any CPU
		{3E53A14D-5ABF-46C8-89E4-CF344A731A0D}.Release|Any CPU.Build.0 = Release|Any CPU
		{5C0183DA-8B66-428F-B69A-289D9C93CB54}.Debug|Any CPU.ActiveCfg = Debug|Any CPU
		{5C0183DA-8B66-428F-B69A-289D9C93CB54}.Debug|Any CPU.Build.0 = Debug|Any CPU
		{5C0183DA-8B66-428F-B69A-289D9C93CB54}.Release|Any CPU.ActiveCfg = Release|Any CPU
		{5C0183DA-8B66-428F-B69A-289D9C93CB54}.Release|Any CPU.Build.0 = Release|Any CPU
	EndGlobalSection
	GlobalSection(SolutionProperties) = preSolution
		HideSolutionNode = FALSE
	EndGlobalSection
EndGlobal
